// !$*UTF8*$!
{
	archiveVersion = 1;
	classes = {
	};
	objectVersion = 50;
	objects = {

/* Begin PBXBuildFile section */
		975D74772292ED2100AC1340 /* AppDelegate.swift in Sources */ = {isa = PBXBuildFile; fileRef = 975D74762292ED2100AC1340 /* AppDelegate.swift */; };
		975D74792292ED2100AC1340 /* OnboardingController.swift in Sources */ = {isa = PBXBuildFile; fileRef = 975D74782292ED2100AC1340 /* OnboardingController.swift */; };
		975D747C2292ED2100AC1340 /* Main.storyboard in Resources */ = {isa = PBXBuildFile; fileRef = 975D747A2292ED2100AC1340 /* Main.storyboard */; };
		975D747E2292ED2200AC1340 /* Assets.xcassets in Resources */ = {isa = PBXBuildFile; fileRef = 975D747D2292ED2200AC1340 /* Assets.xcassets */; };
		975D74812292ED2200AC1340 /* LaunchScreen.storyboard in Resources */ = {isa = PBXBuildFile; fileRef = 975D747F2292ED2200AC1340 /* LaunchScreen.storyboard */; };
		975D74892292F8DB00AC1340 /* Onboard.swift in Sources */ = {isa = PBXBuildFile; fileRef = 975D74882292F8DB00AC1340 /* Onboard.swift */; };
		97DD1BB4229808D50067B1DB /* next.png in Resources */ = {isa = PBXBuildFile; fileRef = 97DD1BB3229808D50067B1DB /* next.png */; };
		97DD1BB62298098E0067B1DB /* back.png in Resources */ = {isa = PBXBuildFile; fileRef = 97DD1BB52298098E0067B1DB /* back.png */; };
/* End PBXBuildFile section */

/* Begin PBXFileReference section */
		975D74732292ED2100AC1340 /* OnboardingTutorial.app */ = {isa = PBXFileReference; explicitFileType = wrapper.application; includeInIndex = 0; path = OnboardingTutorial.app; sourceTree = BUILT_PRODUCTS_DIR; };
		975D74762292ED2100AC1340 /* AppDelegate.swift */ = {isa = PBXFileReference; lastKnownFileType = sourcecode.swift; path = AppDelegate.swift; sourceTree = "<group>"; };
		975D74782292ED2100AC1340 /* OnboardingController.swift */ = {isa = PBXFileReference; lastKnownFileType = sourcecode.swift; path = OnboardingController.swift; sourceTree = "<group>"; };
		975D747B2292ED2100AC1340 /* Base */ = {isa = PBXFileReference; lastKnownFileType = file.storyboard; name = Base; path = Base.lproj/Main.storyboard; sourceTree = "<group>"; };
		975D747D2292ED2200AC1340 /* Assets.xcassets */ = {isa = PBXFileReference; lastKnownFileType = folder.assetcatalog; path = Assets.xcassets; sourceTree = "<group>"; };
		975D74802292ED2200AC1340 /* Base */ = {isa = PBXFileReference; lastKnownFileType = file.storyboard; name = Base; path = Base.lproj/LaunchScreen.storyboard; sourceTree = "<group>"; };
		975D74822292ED2200AC1340 /* Info.plist */ = {isa = PBXFileReference; lastKnownFileType = text.plist.xml; path = Info.plist; sourceTree = "<group>"; };
		975D74882292F8DB00AC1340 /* Onboard.swift */ = {isa = PBXFileReference; lastKnownFileType = sourcecode.swift; path = Onboard.swift; sourceTree = "<group>"; };
		97DD1BB3229808D50067B1DB /* next.png */ = {isa = PBXFileReference; lastKnownFileType = image.png; path = next.png; sourceTree = "<group>"; };
		97DD1BB52298098E0067B1DB /* back.png */ = {isa = PBXFileReference; lastKnownFileType = image.png; path = back.png; sourceTree = "<group>"; };
/* End PBXFileReference section */

/* Begin PBXFrameworksBuildPhase section */
		975D74702292ED2100AC1340 /* Frameworks */ = {
			isa = PBXFrameworksBuildPhase;
			buildActionMask = 2147483647;
			files = (
			);
			runOnlyForDeploymentPostprocessing = 0;
		};
/* End PBXFrameworksBuildPhase section */

/* Begin PBXGroup section */
		975D746A2292ED2000AC1340 = {
			isa = PBXGroup;
			children = (
				975D74752292ED2100AC1340 /* OnboardingTutorial */,
				975D74742292ED2100AC1340 /* Products */,
			);
			sourceTree = "<group>";
		};
		975D74742292ED2100AC1340 /* Products */ = {
			isa = PBXGroup;
			children = (
				975D74732292ED2100AC1340 /* OnboardingTutorial.app */,
			);
			name = Products;
			sourceTree = "<group>";
		};
		975D74752292ED2100AC1340 /* OnboardingTutorial */ = {
			isa = PBXGroup;
			children = (
				975D74762292ED2100AC1340 /* AppDelegate.swift */,
				975D74782292ED2100AC1340 /* OnboardingController.swift */,
				975D747A2292ED2100AC1340 /* Main.storyboard */,
				975D747D2292ED2200AC1340 /* Assets.xcassets */,
				975D747F2292ED2200AC1340 /* LaunchScreen.storyboard */,
				97DD1BB52298098E0067B1DB /* back.png */,
				975D74822292ED2200AC1340 /* Info.plist */,
				975D74882292F8DB00AC1340 /* Onboard.swift */,
				97DD1BB3229808D50067B1DB /* next.png */,
			);
			path = OnboardingTutorial;
			sourceTree = "<group>";
		};
/* End PBXGroup section */

/* Begin PBXNativeTarget section */
		975D74722292ED2100AC1340 /* OnboardingTutorial */ = {
			isa = PBXNativeTarget;
			buildConfigurationList = 975D74852292ED2200AC1340 /* Build configuration list for PBXNativeTarget "OnboardingTutorial" */;
			buildPhases = (
				975D746F2292ED2100AC1340 /* Sources */,
				975D74702292ED2100AC1340 /* Frameworks */,
				975D74712292ED2100AC1340 /* Resources */,
			);
			buildRules = (
			);
			dependencies = (
			);
			name = OnboardingTutorial;
			productName = OnboardingTutorial;
			productReference = 975D74732292ED2100AC1340 /* OnboardingTutorial.app */;
			productType = "com.apple.product-type.application";
		};
/* End PBXNativeTarget section */

/* Begin PBXProject section */
		975D746B2292ED2000AC1340 /* Project object */ = {
			isa = PBXProject;
			attributes = {
				LastSwiftUpdateCheck = 1020;
				LastUpgradeCheck = 1020;
				ORGANIZATIONNAME = Kanishka;
				TargetAttributes = {
					975D74722292ED2100AC1340 = {
						CreatedOnToolsVersion = 10.2.1;
					};
				};
			};
			buildConfigurationList = 975D746E2292ED2000AC1340 /* Build configuration list for PBXProject "OnboardingTutorial" */;
			compatibilityVersion = "Xcode 9.3";
			developmentRegion = en;
			hasScannedForEncodings = 0;
			knownRegions = (
				en,
				Base,
			);
			mainGroup = 975D746A2292ED2000AC1340;
			productRefGroup = 975D74742292ED2100AC1340 /* Products */;
			projectDirPath = "";
			projectRoot = "";
			targets = (
				975D74722292ED2100AC1340 /* OnboardingTutorial */,
			);
		};
/* End PBXProject section */

/* Begin PBXResourcesBuildPhase section */
		975D74712292ED2100AC1340 /* Resources */ = {
			isa = PBXResourcesBuildPhase;
			buildActionMask = 2147483647;
			files = (
				975D74812292ED2200AC1340 /* LaunchScreen.storyboard in Resources */,
				97DD1BB62298098E0067B1DB /* back.png in Resources */,
				975D747E2292ED2200AC1340 /* Assets.xcassets in Resources */,
				97DD1BB4229808D50067B1DB /* next.png in Resources */,
				975D747C2292ED2100AC1340 /* Main.storyboard in Resources */,
			);
			runOnlyForDeploymentPostprocessing = 0;
		};
/* End PBXResourcesBuildPhase section */

/* Begin PBXSourcesBuildPhase section */
		975D746F2292ED2100AC1340 /* Sources */ = {
			isa = PBXSourcesBuildPhase;
			buildActionMask = 2147483647;
			files = (
				975D74892292F8DB00AC1340 /* Onboard.swift in Sources */,
				975D74792292ED2100AC1340 /* OnboardingController.swift in Sources */,
				975D74772292ED2100AC1340 /* AppDelegate.swift in Sources */,
			);
			runOnlyForDeploymentPostprocessing = 0;
		};
/* End PBXSourcesBuildPhase section */

/* Begin PBXVariantGroup section */
		975D747A2292ED2100AC1340 /* Main.storyboard */ = {
			isa = PBXVariantGroup;
			children = (
				975D747B2292ED2100AC1340 /* Base */,
			);
			name = Main.storyboard;
			sourceTree = "<group>";
		};
		975D747F2292ED2200AC1340 /* LaunchScreen.storyboard */ = {
			isa = PBXVariantGroup;
			children = (
				975D74802292ED2200AC1340 /* Base */,
			);
			name = LaunchScreen.storyboard;
			sourceTree = "<group>";
		};
/* End PBXVariantGroup section */

/* Begin XCBuildConfiguration section */
		975D74832292ED2200AC1340 /* Debug */ = {
			isa = XCBuildConfiguration;
			buildSettings = {
				ALWAYS_SEARCH_USER_PATHS = NO;
				CLANG_ANALYZER_NONNULL = YES;
				CLANG_ANALYZER_NUMBER_OBJECT_CONVERSION = YES_AGGRESSIVE;
				CLANG_CXX_LANGUAGE_STANDARD = "gnu++14";
				CLANG_CXX_LIBRARY = "libc++";
				CLANG_ENABLE_MODULES = YES;
				CLANG_ENABLE_OBJC_ARC = YES;
				CLANG_ENABLE_OBJC_WEAK = YES;
				CLANG_WARN_BLOCK_CAPTURE_AUTORELEASING = YES;
				CLANG_WARN_BOOL_CONVERSION = YES;
				CLANG_WARN_COMMA = YES;
				CLANG_WARN_CONSTANT_CONVERSION = YES;
				CLANG_WARN_DEPRECATED_OBJC_IMPLEMENTATIONS = YES;
				CLANG_WARN_DIRECT_OBJC_ISA_USAGE = YES_ERROR;
				CLANG_WARN_DOCUMENTATION_COMMENTS = YES;
				CLANG_WARN_EMPTY_BODY = YES;
				CLANG_WARN_ENUM_CONVERSION = YES;
				CLANG_WARN_INFINITE_RECURSION = YES;
				CLANG_WARN_INT_CONVERSION = YES;
				CLANG_WARN_NON_LITERAL_NULL_CONVERSION = YES;
				CLANG_WARN_OBJC_IMPLICIT_RETAIN_SELF = YES;
				CLANG_WARN_OBJC_LITERAL_CONVERSION = YES;
				CLANG_WARN_OBJC_ROOT_CLASS = YES_ERROR;
				CLANG_WARN_RANGE_LOOP_ANALYSIS = YES;
				CLANG_WARN_STRICT_PROTOTYPES = YES;
				CLANG_WARN_SUSPICIOUS_MOVE = YES;
				CLANG_WARN_UNGUARDED_AVAILABILITY = YES_AGGRESSIVE;
				CLANG_WARN_UNREACHABLE_CODE = YES;
				CLANG_WARN__DUPLICATE_METHOD_MATCH = YES;
				CODE_SIGN_IDENTITY = "iPhone Developer";
				COPY_PHASE_STRIP = NO;
				DEBUG_INFORMATION_FORMAT = dwarf;
				ENABLE_STRICT_OBJC_MSGSEND = YES;
				ENABLE_TESTABILITY = YES;
				GCC_C_LANGUAGE_STANDARD = gnu11;
				GCC_DYNAMIC_NO_PIC = NO;
				GCC_NO_COMMON_BLOCKS = YES;
				GCC_OPTIMIZATION_LEVEL = 0;
				GCC_PREPROCESSOR_DEFINITIONS = (
					"DEBUG=1",
					"$(inherited)",
				);
				GCC_WARN_64_TO_32_BIT_CONVERSION = YES;
				GCC_WARN_ABOUT_RETURN_TYPE = YES_ERROR;
				GCC_WARN_UNDECLARED_SELECTOR = YES;
				GCC_WARN_UNINITIALIZED_AUTOS = YES_AGGRESSIVE;
				GCC_WARN_UNUSED_FUNCTION = YES;
				GCC_WARN_UNUSED_VARIABLE = YES;
				IPHONEOS_DEPLOYMENT_TARGET = 12.2;
				MTL_ENABLE_DEBUG_INFO = INCLUDE_SOURCE;
				MTL_FAST_MATH = YES;
				ONLY_ACTIVE_ARCH = YES;
				SDKROOT = iphoneos;
				SWIFT_ACTIVE_COMPILATION_CONDITIONS = DEBUG;
				SWIFT_OPTIMIZATION_LEVEL = "-Onone";
			};
			name = Debug;
		};
		975D74842292ED2200AC1340 /* Release */ = {
			isa = XCBuildConfiguration;
			buildSettings = {
				ALWAYS_SEARCH_USER_PATHS = NO;
				CLANG_ANALYZER_NONNULL = YES;
				CLANG_ANALYZER_NUMBER_OBJECT_CONVERSION = YES_AGGRESSIVE;
				CLANG_CXX_LANGUAGE_STANDARD = "gnu++14";
				CLANG_CXX_LIBRARY = "libc++";
				CLANG_ENABLE_MODULES = YES;
				CLANG_ENABLE_OBJC_ARC = YES;
				CLANG_ENABLE_OBJC_WEAK = YES;
				CLANG_WARN_BLOCK_CAPTURE_AUTORELEASING = YES;
				CLANG_WARN_BOOL_CONVERSION = YES;
				CLANG_WARN_COMMA = YES;
				CLANG_WARN_CONSTANT_CONVERSION = YES;
				CLANG_WARN_DEPRECATED_OBJC_IMPLEMENTATIONS = YES;
				CLANG_WARN_DIRECT_OBJC_ISA_USAGE = YES_ERROR;
				CLANG_WARN_DOCUMENTATION_COMMENTS = YES;
				CLANG_WARN_EMPTY_BODY = YES;
				CLANG_WARN_ENUM_CONVERSION = YES;
				CLANG_WARN_INFINITE_RECURSION = YES;
				CLANG_WARN_INT_CONVERSION = YES;
				CLANG_WARN_NON_LITERAL_NULL_CONVERSION = YES;
				CLANG_WARN_OBJC_IMPLICIT_RETAIN_SELF = YES;
				CLANG_WARN_OBJC_LITERAL_CONVERSION = YES;
				CLANG_WARN_OBJC_ROOT_CLASS = YES_ERROR;
				CLANG_WARN_RANGE_LOOP_ANALYSIS = YES;
				CLANG_WARN_STRICT_PROTOTYPES = YES;
				CLANG_WARN_SUSPICIOUS_MOVE = YES;
				CLANG_WARN_UNGUARDED_AVAILABILITY = YES_AGGRESSIVE;
				CLANG_WARN_UNREACHABLE_CODE = YES;
				CLANG_WARN__DUPLICATE_METHOD_MATCH = YES;
				CODE_SIGN_IDENTITY = "iPhone Developer";
				COPY_PHASE_STRIP = NO;
				DEBUG_INFORMATION_FORMAT = "dwarf-with-dsym";
				ENABLE_NS_ASSERTIONS = NO;
				ENABLE_STRICT_OBJC_MSGSEND = YES;
				GCC_C_LANGUAGE_STANDARD = gnu11;
				GCC_NO_COMMON_BLOCKS = YES;
				GCC_WARN_64_TO_32_BIT_CONVERSION = YES;
				GCC_WARN_ABOUT_RETURN_TYPE = YES_ERROR;
				GCC_WARN_UNDECLARED_SELECTOR = YES;
				GCC_WARN_UNINITIALIZED_AUTOS = YES_AGGRESSIVE;
				GCC_WARN_UNUSED_FUNCTION = YES;
				GCC_WARN_UNUSED_VARIABLE = YES;
				IPHONEOS_DEPLOYMENT_TARGET = 12.2;
				MTL_ENABLE_DEBUG_INFO = NO;
				MTL_FAST_MATH = YES;
				SDKROOT = iphoneos;
				SWIFT_COMPILATION_MODE = wholemodule;
				SWIFT_OPTIMIZATION_LEVEL = "-O";
				VALIDATE_PRODUCT = YES;
			};
			name = Release;
		};
		975D74862292ED2200AC1340 /* Debug */ = {
			isa = XCBuildConfiguration;
			buildSettings = {
				ASSETCATALOG_COMPILER_APPICON_NAME = AppIcon;
				CODE_SIGN_STYLE = Automatic;
				DEVELOPMENT_TEAM = S48Q382AFW;
				INFOPLIST_FILE = OnboardingTutorial/Info.plist;
				LD_RUNPATH_SEARCH_PATHS = (
					"$(inherited)",
					"@executable_path/Frameworks",
				);
				PRODUCT_BUNDLE_IDENTIFIER = Ralasi.OnboardingTutorial;
				PRODUCT_NAME = "$(TARGET_NAME)";
				SWIFT_VERSION = 5.0;
				TARGETED_DEVICE_FAMILY = "1,2";
			};
			name = Debug;
		};
		975D74872292ED2200AC1340 /* Release */ = {
			isa = XCBuildConfiguration;
			buildSettings = {
				ASSETCATALOG_COMPILER_APPICON_NAME = AppIcon;
				CODE_SIGN_STYLE = Automatic;
				DEVELOPMENT_TEAM = S48Q382AFW;
				INFOPLIST_FILE = OnboardingTutorial/Info.plist;
				LD_RUNPATH_SEARCH_PATHS = (
					"$(inherited)",
					"@executable_path/Frameworks",
				);
				PRODUCT_BUNDLE_IDENTIFIER = Ralasi.OnboardingTutorial;
				PRODUCT_NAME = "$(TARGET_NAME)";
				SWIFT_VERSION = 5.0;
				TARGETED_DEVICE_FAMILY = "1,2";
			};
			name = Release;
		};
/* End XCBuildConfiguration section */

/* Begin XCConfigurationList section */
		975D746E2292ED2000AC1340 /* Build configuration list for PBXProject "OnboardingTutorial" */ = {
			isa = XCConfigurationList;
			buildConfigurations = (
				975D74832292ED2200AC1340 /* Debug */,
				975D74842292ED2200AC1340 /* Release */,
			);
			defaultConfigurationIsVisible = 0;
			defaultConfigurationName = Release;
		};
		975D74852292ED2200AC1340 /* Build configuration list for PBXNativeTarget "OnboardingTutorial" */ = {
			isa = XCConfigurationList;
			buildConfigurations = (
				975D74862292ED2200AC1340 /* Debug */,
				975D74872292ED2200AC1340 /* Release */,
			);
			defaultConfigurationIsVisible = 0;
			defaultConfigurationName = Release;
		};
/* End XCConfigurationList section */
	};
	rootObject = 975D746B2292ED2000AC1340 /* Project object */;
}
